
Microsoft Visual Studio Solution File, Format Version 12.00
# Visual Studio Version 17
VisualStudioVersion = 17.8.34511.84
MinimumVisualStudioVersion = 10.0.40219.1
Project("{9A19103F-16F7-4668-BE54-9A1E7A4F7556}") = "CosmosDbImplementation", "CosmosDbImplementation\CosmosDbImplementation.csproj", "{7D9F895E-AB82-4ED5-9D83-9A74150C6F16}"
EndProject
Project("{FAE04EC0-301F-11D3-BF4B-00C04F79EFBC}") = "SqlServerImplementation", "SqlServerImplementation\SqlServerImplementation.csproj", "{36DFE704-7B87-4CBB-A95F-0999E606323F}"
EndProject
Global
	GlobalSection(SolutionConfigurationPlatforms) = preSolution
		Debug|Any CPU = Debug|Any CPU
		Release|Any CPU = Release|Any CPU
	EndGlobalSection
	GlobalSection(ProjectConfigurationPlatforms) = postSolution
		{7D9F895E-AB82-4ED5-9D83-9A74150C6F16}.Debug|Any CPU.ActiveCfg = Debug|Any CPU
		{7D9F895E-AB82-4ED5-9D83-9A74150C6F16}.Debug|Any CPU.Build.0 = Debug|Any CPU
		{7D9F895E-AB82-4ED5-9D83-9A74150C6F16}.Release|Any CPU.ActiveCfg = Release|Any CPU
		{7D9F895E-AB82-4ED5-9D83-9A74150C6F16}.Release|Any CPU.Build.0 = Release|Any CPU
		{36DFE704-7B87-4CBB-A95F-0999E606323F}.Debug|Any CPU.ActiveCfg = Debug|Any CPU
		{36DFE704-7B87-4CBB-A95F-0999E606323F}.Debug|Any CPU.Build.0 = Debug|Any CPU
		{36DFE704-7B87-4CBB-A95F-0999E606323F}.Release|Any CPU.ActiveCfg = Release|Any CPU
		{36DFE704-7B87-4CBB-A95F-0999E606323F}.Release|Any CPU.Build.0 = Release|Any CPU
	EndGlobalSection
	GlobalSection(SolutionProperties) = preSolution
		HideSolutionNode = FALSE
	EndGlobalSection
	GlobalSection(ExtensibilityGlobals) = postSolution
		SolutionGuid = {7F458B15-532F-4A50-857C-E63A8E6D0017}
	EndGlobalSection
EndGlobal
